
Microsoft Visual Studio Solution File, Format Version 12.00
# Visual Studio 15
VisualStudioVersion = 15.0.28307.645
MinimumVisualStudioVersion = 10.0.40219.1
Project("{FAE04EC0-301F-11D3-BF4B-00C04F79EFBC}") = "b15_dbfirst_efcore", "b15_dbfirst_efcore\b15_dbfirst_efcore.csproj", "{B2F9D24F-3636-47F9-9F3B-4848B5B6D28F}"
EndProject
Global
	GlobalSection(SolutionConfigurationPlatforms) = preSolution
		Debug|Any CPU = Debug|Any CPU
		Release|Any CPU = Release|Any CPU
	EndGlobalSection
	GlobalSection(ProjectConfigurationPlatforms) = postSolution
		{B2F9D24F-3636-47F9-9F3B-4848B5B6D28F}.Debug|Any CPU.ActiveCfg = Debug|Any CPU
		{B2F9D24F-3636-47F9-9F3B-4848B5B6D28F}.Debug|Any CPU.Build.0 = Debug|Any CPU
		{B2F9D24F-3636-47F9-9F3B-4848B5B6D28F}.Release|Any CPU.ActiveCfg = Release|Any CPU
		{B2F9D24F-3636-47F9-9F3B-4848B5B6D28F}.Release|Any CPU.Build.0 = Release|Any CPU
	EndGlobalSection
	GlobalSection(SolutionProperties) = preSolution
		HideSolutionNode = FALSE
	EndGlobalSection
	GlobalSection(ExtensibilityGlobals) = postSolution
		SolutionGuid = {2EEE2795-79C9-4E5F-8AD3-F9BEE1C34D75}
	EndGlobalSection
EndGlobal
